
Microsoft Visual Studio Solution File, Format Version 12.00
# Visual Studio Version 17
VisualStudioVersion = 17.2.32526.322
MinimumVisualStudioVersion = 10.0.40219.1
Project("{9A19103F-16F7-4668-BE54-9A1E7A4F7556}") = "BookiApi", "BookiApi.csproj", "{C0522BB3-CF9E-44DD-A75C-8DC0FC9CA049}"
EndProject
Global
	GlobalSection(SolutionConfigurationPlatforms) = preSolution
		Debug|Any CPU = Debug|Any CPU
		Release|Any CPU = Release|Any CPU
	EndGlobalSection
	GlobalSection(ProjectConfigurationPlatforms) = postSolution
		{C0522BB3-CF9E-44DD-A75C-8DC0FC9CA049}.Debug|Any CPU.ActiveCfg = Debug|Any CPU
		{C0522BB3-CF9E-44DD-A75C-8DC0FC9CA049}.Debug|Any CPU.Build.0 = Debug|Any CPU
		{C0522BB3-CF9E-44DD-A75C-8DC0FC9CA049}.Release|Any CPU.ActiveCfg = Release|Any CPU
		{C0522BB3-CF9E-44DD-A75C-8DC0FC9CA049}.Release|Any CPU.Build.0 = Release|Any CPU
	EndGlobalSection
	GlobalSection(SolutionProperties) = preSolution
		HideSolutionNode = FALSE
	EndGlobalSection
	GlobalSection(ExtensibilityGlobals) = postSolution
		SolutionGuid = {3ED24E18-BDE6-4D84-8ED0-D9BC1ABE6271}
	EndGlobalSection
EndGlobal
